
Microsoft Visual Studio Solution File, Format Version 12.00
# Visual Studio Version 16
VisualStudioVersion = 16.0.29806.167
MinimumVisualStudioVersion = 10.0.40219.1
Project("{FAE04EC0-301F-11D3-BF4B-00C04F79EFBC}") = "NETSPARKER", "NETSPARKER\NETSPARKER.csproj", "{33AFF6C5-8D8C-4CE9-8B51-4CF2F646A4FA}"
EndProject
Project("{2150E333-8FDC-42A3-9474-1A3956D46DE8}") = "Source", "Source", "{974B946E-8040-4BC4-B5ED-C4610ABA326B}"
EndProject
Project("{2150E333-8FDC-42A3-9474-1A3956D46DE8}") = "Test", "Test", "{E181393C-CAFE-4849-A34A-5F77CC50E898}"
EndProject
Project("{2150E333-8FDC-42A3-9474-1A3956D46DE8}") = "Common", "Common", "{110FE7AF-54CB-4A66-BDD5-57196C81EC72}"
EndProject
Project("{2150E333-8FDC-42A3-9474-1A3956D46DE8}") = "Core", "Core", "{57BA1A89-73AA-4E00-AD8E-EE9B4791A07A}"
EndProject
Project("{2150E333-8FDC-42A3-9474-1A3956D46DE8}") = "Data", "Data", "{368FFB87-4375-4684-AEEA-2B6D866E0D6D}"
EndProject
Project("{2150E333-8FDC-42A3-9474-1A3956D46DE8}") = "Infrastructure", "Infrastructure", "{D84033E5-C4EF-4558-9999-D405F91D7B28}"
EndProject
Project("{2150E333-8FDC-42A3-9474-1A3956D46DE8}") = "Presentations", "Presentations", "{8C460608-AF79-4BCE-A137-CCA863082102}"
EndProject
Project("{FAE04EC0-301F-11D3-BF4B-00C04F79EFBC}") = "NETSPARKER.Common", "NETSPARKER.Common\NETSPARKER.Common.csproj", "{E68A86E6-A2D5-4558-9884-597CBAACBF78}"
EndProject
Project("{FAE04EC0-301F-11D3-BF4B-00C04F79EFBC}") = "NETSPARKER.Core", "NETSPARKER.Core\NETSPARKER.Core.csproj", "{8E5AE829-9674-426A-9CBA-CEE1E448384C}"
EndProject
Project("{FAE04EC0-301F-11D3-BF4B-00C04F79EFBC}") = "NETSPARKER.Data", "NETSPARKER.Data\NETSPARKER.Data.csproj", "{4C6C3569-7EF0-4741-9310-3770DCCF9084}"
EndProject
Project("{FAE04EC0-301F-11D3-BF4B-00C04F79EFBC}") = "NETSPARKER.Infrastructure", "NETSPARKER.Infrastructure\NETSPARKER.Infrastructure.csproj", "{A3918F04-11B8-4C8C-96DA-0C3016EAF837}"
EndProject
Project("{2150E333-8FDC-42A3-9474-1A3956D46DE8}") = "NetCoreMvc", "NetCoreMvc", "{06BD9FD4-989A-471A-8A5F-237094116B60}"
EndProject
Project("{2150E333-8FDC-42A3-9474-1A3956D46DE8}") = "Servers", "Servers", "{C2166136-2B91-4563-ACA7-C61B5CBB0561}"
EndProject
Project("{FAE04EC0-301F-11D3-BF4B-00C04F79EFBC}") = "NETSPARKER.API", "NETSPARKER.API\NETSPARKER.API.csproj", "{F2A8FEB4-A3BF-45E2-86CC-3C93D6600DE3}"
EndProject
Project("{FAE04EC0-301F-11D3-BF4B-00C04F79EFBC}") = "NETSPARKER.NetCoreMvc", "NETSPARKER.NetCoreMvc\NETSPARKER.NetCoreMvc.csproj", "{205B4E19-4544-4EFD-A6BF-31FCA1DA79BE}"
EndProject
Global
	GlobalSection(SolutionConfigurationPlatforms) = preSolution
		Debug|Any CPU = Debug|Any CPU
		Release|Any CPU = Release|Any CPU
	EndGlobalSection
	GlobalSection(ProjectConfigurationPlatforms) = postSolution
		{33AFF6C5-8D8C-4CE9-8B51-4CF2F646A4FA}.Debug|Any CPU.ActiveCfg = Debug|Any CPU
		{33AFF6C5-8D8C-4CE9-8B51-4CF2F646A4FA}.Debug|Any CPU.Build.0 = Debug|Any CPU
		{33AFF6C5-8D8C-4CE9-8B51-4CF2F646A4FA}.Release|Any CPU.ActiveCfg = Release|Any CPU
		{33AFF6C5-8D8C-4CE9-8B51-4CF2F646A4FA}.Release|Any CPU.Build.0 = Release|Any CPU
		{E68A86E6-A2D5-4558-9884-597CBAACBF78}.Debug|Any CPU.ActiveCfg = Debug|Any CPU
		{E68A86E6-A2D5-4558-9884-597CBAACBF78}.Debug|Any CPU.Build.0 = Debug|Any CPU
		{E68A86E6-A2D5-4558-9884-597CBAACBF78}.Release|Any CPU.ActiveCfg = Release|Any CPU
		{E68A86E6-A2D5-4558-9884-597CBAACBF78}.Release|Any CPU.Build.0 = Release|Any CPU
		{8E5AE829-9674-426A-9CBA-CEE1E448384C}.Debug|Any CPU.ActiveCfg = Debug|Any CPU
		{8E5AE829-9674-426A-9CBA-CEE1E448384C}.Debug|Any CPU.Build.0 = Debug|Any CPU
		{8E5AE829-9674-426A-9CBA-CEE1E448384C}.Release|Any CPU.ActiveCfg = Release|Any CPU
		{8E5AE829-9674-426A-9CBA-CEE1E448384C}.Release|Any CPU.Build.0 = Release|Any CPU
		{4C6C3569-7EF0-4741-9310-3770DCCF9084}.Debug|Any CPU.ActiveCfg = Debug|Any CPU
		{4C6C3569-7EF0-4741-9310-3770DCCF9084}.Debug|Any CPU.Build.0 = Debug|Any CPU
		{4C6C3569-7EF0-4741-9310-3770DCCF9084}.Release|Any CPU.ActiveCfg = Release|Any CPU
		{4C6C3569-7EF0-4741-9310-3770DCCF9084}.Release|Any CPU.Build.0 = Release|Any CPU
		{A3918F04-11B8-4C8C-96DA-0C3016EAF837}.Debug|Any CPU.ActiveCfg = Debug|Any CPU
		{A3918F04-11B8-4C8C-96DA-0C3016EAF837}.Debug|Any CPU.Build.0 = Debug|Any CPU
		{A3918F04-11B8-4C8C-96DA-0C3016EAF837}.Release|Any CPU.ActiveCfg = Release|Any CPU
		{A3918F04-11B8-4C8C-96DA-0C3016EAF837}.Release|Any CPU.Build.0 = Release|Any CPU
		{F2A8FEB4-A3BF-45E2-86CC-3C93D6600DE3}.Debug|Any CPU.ActiveCfg = Debug|Any CPU
		{F2A8FEB4-A3BF-45E2-86CC-3C93D6600DE3}.Debug|Any CPU.Build.0 = Debug|Any CPU
		{F2A8FEB4-A3BF-45E2-86CC-3C93D6600DE3}.Release|Any CPU.ActiveCfg = Release|Any CPU
		{F2A8FEB4-A3BF-45E2-86CC-3C93D6600DE3}.Release|Any CPU.Build.0 = Release|Any CPU
		{205B4E19-4544-4EFD-A6BF-31FCA1DA79BE}.Debug|Any CPU.ActiveCfg = Debug|Any CPU
		{205B4E19-4544-4EFD-A6BF-31FCA1DA79BE}.Debug|Any CPU.Build.0 = Debug|Any CPU
		{205B4E19-4544-4EFD-A6BF-31FCA1DA79BE}.Release|Any CPU.ActiveCfg = Release|Any CPU
		{205B4E19-4544-4EFD-A6BF-31FCA1DA79BE}.Release|Any CPU.Build.0 = Release|Any CPU
	EndGlobalSection
	GlobalSection(SolutionProperties) = preSolution
		HideSolutionNode = FALSE
	EndGlobalSection
	GlobalSection(NestedProjects) = preSolution
		{110FE7AF-54CB-4A66-BDD5-57196C81EC72} = {974B946E-8040-4BC4-B5ED-C4610ABA326B}
		{57BA1A89-73AA-4E00-AD8E-EE9B4791A07A} = {974B946E-8040-4BC4-B5ED-C4610ABA326B}
		{368FFB87-4375-4684-AEEA-2B6D866E0D6D} = {974B946E-8040-4BC4-B5ED-C4610ABA326B}
		{D84033E5-C4EF-4558-9999-D405F91D7B28} = {974B946E-8040-4BC4-B5ED-C4610ABA326B}
		{8C460608-AF79-4BCE-A137-CCA863082102} = {974B946E-8040-4BC4-B5ED-C4610ABA326B}
		{E68A86E6-A2D5-4558-9884-597CBAACBF78} = {110FE7AF-54CB-4A66-BDD5-57196C81EC72}
		{8E5AE829-9674-426A-9CBA-CEE1E448384C} = {57BA1A89-73AA-4E00-AD8E-EE9B4791A07A}
		{4C6C3569-7EF0-4741-9310-3770DCCF9084} = {368FFB87-4375-4684-AEEA-2B6D866E0D6D}
		{A3918F04-11B8-4C8C-96DA-0C3016EAF837} = {D84033E5-C4EF-4558-9999-D405F91D7B28}
		{06BD9FD4-989A-471A-8A5F-237094116B60} = {8C460608-AF79-4BCE-A137-CCA863082102}
		{C2166136-2B91-4563-ACA7-C61B5CBB0561} = {8C460608-AF79-4BCE-A137-CCA863082102}
		{F2A8FEB4-A3BF-45E2-86CC-3C93D6600DE3} = {C2166136-2B91-4563-ACA7-C61B5CBB0561}
		{205B4E19-4544-4EFD-A6BF-31FCA1DA79BE} = {06BD9FD4-989A-471A-8A5F-237094116B60}
	EndGlobalSection
	GlobalSection(ExtensibilityGlobals) = postSolution
		SolutionGuid = {CFC3B808-EB4D-4AD4-9011-36FE615FD49B}
	EndGlobalSection
EndGlobal
